
Microsoft Visual Studio Solution File, Format Version 12.00
# Visual Studio Version 17
VisualStudioVersion = 17.4.33213.308
MinimumVisualStudioVersion = 10.0.40219.1
Project("{FAE04EC0-301F-11D3-BF4B-00C04F79EFBC}") = "SwapCompetition", "SwapCompetition\SwapCompetition.csproj", "{378B030F-A22C-483D-91C4-F75F638498D4}"
EndProject
Project("{FAE04EC0-301F-11D3-BF4B-00C04F79EFBC}") = "TestProject1", "TestProject1\TestProject1.csproj", "{CAFDA7F8-1A33-471C-B9C4-118647FB91E3}"
EndProject
Global
	GlobalSection(SolutionConfigurationPlatforms) = preSolution
		Debug|Any CPU = Debug|Any CPU
		Release|Any CPU = Release|Any CPU
	EndGlobalSection
	GlobalSection(ProjectConfigurationPlatforms) = postSolution
		{378B030F-A22C-483D-91C4-F75F638498D4}.Debug|Any CPU.ActiveCfg = Debug|Any CPU
		{378B030F-A22C-483D-91C4-F75F638498D4}.Debug|Any CPU.Build.0 = Debug|Any CPU
		{378B030F-A22C-483D-91C4-F75F638498D4}.Release|Any CPU.ActiveCfg = Release|Any CPU
		{378B030F-A22C-483D-91C4-F75F638498D4}.Release|Any CPU.Build.0 = Release|Any CPU
		{CAFDA7F8-1A33-471C-B9C4-118647FB91E3}.Debug|Any CPU.ActiveCfg = Debug|Any CPU
		{CAFDA7F8-1A33-471C-B9C4-118647FB91E3}.Debug|Any CPU.Build.0 = Debug|Any CPU
		{CAFDA7F8-1A33-471C-B9C4-118647FB91E3}.Release|Any CPU.ActiveCfg = Release|Any CPU
		{CAFDA7F8-1A33-471C-B9C4-118647FB91E3}.Release|Any CPU.Build.0 = Release|Any CPU
	EndGlobalSection
	GlobalSection(SolutionProperties) = preSolution
		HideSolutionNode = FALSE
	EndGlobalSection
	GlobalSection(ExtensibilityGlobals) = postSolution
		SolutionGuid = {D0616F1F-353C-4B11-88CE-A084CB12E6D6}
	EndGlobalSection
EndGlobal
